{
  "pins" : [
    {
      "identity" : "accessibilitysnapshot",
      "kind" : "remoteSourceControl",
      "location" : "https://github.com/cashapp/AccessibilitySnapshot",
      "state" : {
        "revision" : "482db2fd4251cce237d8106073a53ad5289ce739",
        "version" : "0.6.0"
      }
    },
    {
      "identity" : "ios-snapshot-test-case",
      "kind" : "remoteSourceControl",
      "location" : "https://github.com/uber/ios-snapshot-test-case.git",
      "state" : {
        "revision" : "7b10770333a961be6e5a41c9ce04b8c6d3990126",
        "version" : "8.0.0"
      }
    },
    {
      "identity" : "swift-snapshot-testing",
      "kind" : "remoteSourceControl",
      "location" : "https://github.com/pointfreeco/swift-snapshot-testing.git",
      "state" : {
        "revision" : "f8a9c997c3c1dab4e216a8ec9014e23144cbab37",
        "version" : "1.9.0"
      }
    }
  ],
  "version" : 2
}
