{
  "originHash" : "5ecf5b0090e0105b6cdfed96d506f54e9d024c0e213cca75273534ba9faa284d",
  "pins" : [
    {
      "identity" : "accessibilitysnapshot",
      "kind" : "remoteSourceControl",
      "location" : "https://github.com/cashapp/AccessibilitySnapshot",
      "state" : {
        "revision" : "07020833b49662840e92d6b1ad2bcfa9916a10d6",
        "version" : "0.8.0"
      }
    },
    {
      "identity" : "ios-snapshot-test-case",
      "kind" : "remoteSourceControl",
      "location" : "https://github.com/uber/ios-snapshot-test-case.git",
      "state" : {
        "revision" : "7b10770333a961be6e5a41c9ce04b8c6d3990126",
        "version" : "8.0.0"
      }
    },
    {
      "identity" : "swift-snapshot-testing",
      "kind" : "remoteSourceControl",
      "location" : "https://github.com/pointfreeco/swift-snapshot-testing",
      "state" : {
        "revision" : "696b86a6d151578bca7c1a2a3ed419a5f834d40f",
        "version" : "1.13.0"
      }
    },
    {
      "identity" : "swift-syntax",
      "kind" : "remoteSourceControl",
      "location" : "https://github.com/apple/swift-syntax.git",
      "state" : {
        "revision" : "64889f0c732f210a935a0ad7cda38f77f876262d",
        "version" : "509.1.1"
      }
    }
  ],
  "version" : 3
}
